
Microsoft Visual Studio Solution File, Format Version 12.00
# Visual Studio 15
VisualStudioVersion = 15.0.28307.271
MinimumVisualStudioVersion = 10.0.40219.1
Project("{FAE04EC0-301F-11D3-BF4B-00C04F79EFBC}") = "Webtintuc", "Webtintuc\Webtintuc.csproj", "{37FCBB1A-AADE-4753-97C5-2CC42148A719}"
EndProject
Project("{2150E333-8FDC-42A3-9474-1A3956D46DE8}") = "1.Web", "1.Web", "{201D06F2-308F-460A-BD7D-A07ABECFA2EB}"
EndProject
Project("{2150E333-8FDC-42A3-9474-1A3956D46DE8}") = "2.Services", "2.Services", "{DB2C9DBD-9249-4125-B107-68D4B2708DB6}"
EndProject
Project("{2150E333-8FDC-42A3-9474-1A3956D46DE8}") = "3.Data", "3.Data", "{B6DAFCBF-50BC-4F3F-BE1F-BC5CB9B9EE12}"
EndProject
Project("{2150E333-8FDC-42A3-9474-1A3956D46DE8}") = "4.Cross", "4.Cross", "{A7F21992-4CBA-45C4-B410-2688BBA68B3C}"
EndProject
Global
	GlobalSection(SolutionConfigurationPlatforms) = preSolution
		Debug|Any CPU = Debug|Any CPU
		Release|Any CPU = Release|Any CPU
	EndGlobalSection
	GlobalSection(ProjectConfigurationPlatforms) = postSolution
		{37FCBB1A-AADE-4753-97C5-2CC42148A719}.Debug|Any CPU.ActiveCfg = Debug|Any CPU
		{37FCBB1A-AADE-4753-97C5-2CC42148A719}.Debug|Any CPU.Build.0 = Debug|Any CPU
		{37FCBB1A-AADE-4753-97C5-2CC42148A719}.Release|Any CPU.ActiveCfg = Release|Any CPU
		{37FCBB1A-AADE-4753-97C5-2CC42148A719}.Release|Any CPU.Build.0 = Release|Any CPU
	EndGlobalSection
	GlobalSection(SolutionProperties) = preSolution
		HideSolutionNode = FALSE
	EndGlobalSection
	GlobalSection(ExtensibilityGlobals) = postSolution
		SolutionGuid = {35A14376-F5F8-4512-98FA-FF92C44EAFB6}
	EndGlobalSection
EndGlobal
